
Microsoft Visual Studio Solution File, Format Version 12.00
# Visual Studio 15
VisualStudioVersion = 15.0.28010.2003
MinimumVisualStudioVersion = 10.0.40219.1
Project("{FAE04EC0-301F-11D3-BF4B-00C04F79EFBC}") = "AgentAssignment", "AgentAssignment\AgentAssignment.csproj", "{5865193A-DC1C-410B-B4E2-7DEBF428C230}"
EndProject
Global
	GlobalSection(SolutionConfigurationPlatforms) = preSolution
		Debug|Any CPU = Debug|Any CPU
		Release|Any CPU = Release|Any CPU
	EndGlobalSection
	GlobalSection(ProjectConfigurationPlatforms) = postSolution
		{5865193A-DC1C-410B-B4E2-7DEBF428C230}.Debug|Any CPU.ActiveCfg = Debug|Any CPU
		{5865193A-DC1C-410B-B4E2-7DEBF428C230}.Debug|Any CPU.Build.0 = Debug|Any CPU
		{5865193A-DC1C-410B-B4E2-7DEBF428C230}.Release|Any CPU.ActiveCfg = Release|Any CPU
		{5865193A-DC1C-410B-B4E2-7DEBF428C230}.Release|Any CPU.Build.0 = Release|Any CPU
	EndGlobalSection
	GlobalSection(SolutionProperties) = preSolution
		HideSolutionNode = FALSE
	EndGlobalSection
	GlobalSection(ExtensibilityGlobals) = postSolution
		SolutionGuid = {0BE45714-6E15-4DE1-A12A-2AC2C03C502D}
	EndGlobalSection
EndGlobal
